
Microsoft Visual Studio Solution File, Format Version 12.00
# Visual Studio 2013
VisualStudioVersion = 12.0.21005.1
MinimumVisualStudioVersion = 10.0.40219.1
Project("{FAE04EC0-301F-11D3-BF4B-00C04F79EFBC}") = "MasterServer", "MasterServer\MasterServer.csproj", "{8448801D-2F4C-46EB-9D94-AE5167D13270}"
EndProject
Project("{FAE04EC0-301F-11D3-BF4B-00C04F79EFBC}") = "Server", "Server\Server.csproj", "{70D00290-2203-4401-A97A-06B0931828ED}"
EndProject
Project("{FAE04EC0-301F-11D3-BF4B-00C04F79EFBC}") = "Client", "Client\Client.csproj", "{69B07AD8-5815-4444-B6A3-AD32986F6C94}"
EndProject
Project("{FAE04EC0-301F-11D3-BF4B-00C04F79EFBC}") = "PADI_DSTM", "PADI_DSTM\PADI_DSTM.csproj", "{AE1282AB-9AD8-4F59-8343-F2F6A4404813}"
EndProject
Project("{FAE04EC0-301F-11D3-BF4B-00C04F79EFBC}") = "ProfExample", "ProfExample\ProfExample.csproj", "{89A891DF-3A0D-4F8A-B77E-8F2F5589C5D9}"
EndProject
Project("{FAE04EC0-301F-11D3-BF4B-00C04F79EFBC}") = "ServerCoord", "ServerCoord\ServerCoord.csproj", "{EFC22E1E-1AD5-43FB-95C1-6E02A10ECD88}"
EndProject
Global
	GlobalSection(SolutionConfigurationPlatforms) = preSolution
		Debug|Any CPU = Debug|Any CPU
		Release|Any CPU = Release|Any CPU
	EndGlobalSection
	GlobalSection(ProjectConfigurationPlatforms) = postSolution
		{8448801D-2F4C-46EB-9D94-AE5167D13270}.Debug|Any CPU.ActiveCfg = Debug|Any CPU
		{8448801D-2F4C-46EB-9D94-AE5167D13270}.Debug|Any CPU.Build.0 = Debug|Any CPU
		{8448801D-2F4C-46EB-9D94-AE5167D13270}.Release|Any CPU.ActiveCfg = Release|Any CPU
		{8448801D-2F4C-46EB-9D94-AE5167D13270}.Release|Any CPU.Build.0 = Release|Any CPU
		{70D00290-2203-4401-A97A-06B0931828ED}.Debug|Any CPU.ActiveCfg = Debug|Any CPU
		{70D00290-2203-4401-A97A-06B0931828ED}.Debug|Any CPU.Build.0 = Debug|Any CPU
		{70D00290-2203-4401-A97A-06B0931828ED}.Release|Any CPU.ActiveCfg = Release|Any CPU
		{70D00290-2203-4401-A97A-06B0931828ED}.Release|Any CPU.Build.0 = Release|Any CPU
		{69B07AD8-5815-4444-B6A3-AD32986F6C94}.Debug|Any CPU.ActiveCfg = Debug|Any CPU
		{69B07AD8-5815-4444-B6A3-AD32986F6C94}.Debug|Any CPU.Build.0 = Debug|Any CPU
		{69B07AD8-5815-4444-B6A3-AD32986F6C94}.Release|Any CPU.ActiveCfg = Release|Any CPU
		{69B07AD8-5815-4444-B6A3-AD32986F6C94}.Release|Any CPU.Build.0 = Release|Any CPU
		{AE1282AB-9AD8-4F59-8343-F2F6A4404813}.Debug|Any CPU.ActiveCfg = Debug|Any CPU
		{AE1282AB-9AD8-4F59-8343-F2F6A4404813}.Debug|Any CPU.Build.0 = Debug|Any CPU
		{AE1282AB-9AD8-4F59-8343-F2F6A4404813}.Release|Any CPU.ActiveCfg = Release|Any CPU
		{AE1282AB-9AD8-4F59-8343-F2F6A4404813}.Release|Any CPU.Build.0 = Release|Any CPU
		{89A891DF-3A0D-4F8A-B77E-8F2F5589C5D9}.Debug|Any CPU.ActiveCfg = Debug|Any CPU
		{89A891DF-3A0D-4F8A-B77E-8F2F5589C5D9}.Debug|Any CPU.Build.0 = Debug|Any CPU
		{89A891DF-3A0D-4F8A-B77E-8F2F5589C5D9}.Release|Any CPU.ActiveCfg = Release|Any CPU
		{89A891DF-3A0D-4F8A-B77E-8F2F5589C5D9}.Release|Any CPU.Build.0 = Release|Any CPU
		{EFC22E1E-1AD5-43FB-95C1-6E02A10ECD88}.Debug|Any CPU.ActiveCfg = Debug|Any CPU
		{EFC22E1E-1AD5-43FB-95C1-6E02A10ECD88}.Debug|Any CPU.Build.0 = Debug|Any CPU
		{EFC22E1E-1AD5-43FB-95C1-6E02A10ECD88}.Release|Any CPU.ActiveCfg = Release|Any CPU
		{EFC22E1E-1AD5-43FB-95C1-6E02A10ECD88}.Release|Any CPU.Build.0 = Release|Any CPU
	EndGlobalSection
	GlobalSection(SolutionProperties) = preSolution
		HideSolutionNode = FALSE
	EndGlobalSection
EndGlobal
